
Microsoft Visual Studio Solution File, Format Version 12.00
# Visual Studio Version 17
VisualStudioVersion = 17.6.33815.320
MinimumVisualStudioVersion = 10.0.40219.1
Project("{FAE04EC0-301F-11D3-BF4B-00C04F79EFBC}") = "Beecrowd1015", "Beecrowd1015.csproj", "{0FA6873C-9E96-4A3D-820D-F848A8BC5D38}"
EndProject
Global
	GlobalSection(SolutionConfigurationPlatforms) = preSolution
		Debug|Any CPU = Debug|Any CPU
		Release|Any CPU = Release|Any CPU
	EndGlobalSection
	GlobalSection(ProjectConfigurationPlatforms) = postSolution
		{0FA6873C-9E96-4A3D-820D-F848A8BC5D38}.Debug|Any CPU.ActiveCfg = Debug|Any CPU
		{0FA6873C-9E96-4A3D-820D-F848A8BC5D38}.Debug|Any CPU.Build.0 = Debug|Any CPU
		{0FA6873C-9E96-4A3D-820D-F848A8BC5D38}.Release|Any CPU.ActiveCfg = Release|Any CPU
		{0FA6873C-9E96-4A3D-820D-F848A8BC5D38}.Release|Any CPU.Build.0 = Release|Any CPU
	EndGlobalSection
	GlobalSection(SolutionProperties) = preSolution
		HideSolutionNode = FALSE
	EndGlobalSection
	GlobalSection(ExtensibilityGlobals) = postSolution
		SolutionGuid = {88037A62-3C4A-4647-9E32-A7B208985571}
	EndGlobalSection
EndGlobal
