
Microsoft Visual Studio Solution File, Format Version 12.00
# Visual Studio Version 17
VisualStudioVersion = 17.6.33829.357
MinimumVisualStudioVersion = 10.0.40219.1
Project("{FAE04EC0-301F-11D3-BF4B-00C04F79EFBC}") = "Beecrowd1117", "Beecrowd1117.csproj", "{A6C07CF7-B716-44AA-8AD5-FCB7A564E39F}"
EndProject
Global
	GlobalSection(SolutionConfigurationPlatforms) = preSolution
		Debug|Any CPU = Debug|Any CPU
		Release|Any CPU = Release|Any CPU
	EndGlobalSection
	GlobalSection(ProjectConfigurationPlatforms) = postSolution
		{A6C07CF7-B716-44AA-8AD5-FCB7A564E39F}.Debug|Any CPU.ActiveCfg = Debug|Any CPU
		{A6C07CF7-B716-44AA-8AD5-FCB7A564E39F}.Debug|Any CPU.Build.0 = Debug|Any CPU
		{A6C07CF7-B716-44AA-8AD5-FCB7A564E39F}.Release|Any CPU.ActiveCfg = Release|Any CPU
		{A6C07CF7-B716-44AA-8AD5-FCB7A564E39F}.Release|Any CPU.Build.0 = Release|Any CPU
	EndGlobalSection
	GlobalSection(SolutionProperties) = preSolution
		HideSolutionNode = FALSE
	EndGlobalSection
	GlobalSection(ExtensibilityGlobals) = postSolution
		SolutionGuid = {6C154196-E5F7-4170-A938-FDD3CDA8DECA}
	EndGlobalSection
EndGlobal
