
Microsoft Visual Studio Solution File, Format Version 12.00
# Visual Studio Version 17
VisualStudioVersion = 17.6.33829.357
MinimumVisualStudioVersion = 10.0.40219.1
Project("{FAE04EC0-301F-11D3-BF4B-00C04F79EFBC}") = "Exer_While", "Exer_While.csproj", "{22BE69BF-BEFC-4A6A-9D5C-D1671DD4C357}"
EndProject
Global
	GlobalSection(SolutionConfigurationPlatforms) = preSolution
		Debug|Any CPU = Debug|Any CPU
		Release|Any CPU = Release|Any CPU
	EndGlobalSection
	GlobalSection(ProjectConfigurationPlatforms) = postSolution
		{22BE69BF-BEFC-4A6A-9D5C-D1671DD4C357}.Debug|Any CPU.ActiveCfg = Debug|Any CPU
		{22BE69BF-BEFC-4A6A-9D5C-D1671DD4C357}.Debug|Any CPU.Build.0 = Debug|Any CPU
		{22BE69BF-BEFC-4A6A-9D5C-D1671DD4C357}.Release|Any CPU.ActiveCfg = Release|Any CPU
		{22BE69BF-BEFC-4A6A-9D5C-D1671DD4C357}.Release|Any CPU.Build.0 = Release|Any CPU
	EndGlobalSection
	GlobalSection(SolutionProperties) = preSolution
		HideSolutionNode = FALSE
	EndGlobalSection
	GlobalSection(ExtensibilityGlobals) = postSolution
		SolutionGuid = {A7CA325F-370E-4481-89D3-974DF60EF57E}
	EndGlobalSection
EndGlobal
