
Microsoft Visual Studio Solution File, Format Version 12.00
# Visual Studio Version 17
VisualStudioVersion = 17.6.33829.357
MinimumVisualStudioVersion = 10.0.40219.1
Project("{FAE04EC0-301F-11D3-BF4B-00C04F79EFBC}") = "Exercicio03", "Exercicio03.csproj", "{32AB1F06-BBF3-4FAF-92F6-9E3E85A64568}"
EndProject
Global
	GlobalSection(SolutionConfigurationPlatforms) = preSolution
		Debug|Any CPU = Debug|Any CPU
		Release|Any CPU = Release|Any CPU
	EndGlobalSection
	GlobalSection(ProjectConfigurationPlatforms) = postSolution
		{32AB1F06-BBF3-4FAF-92F6-9E3E85A64568}.Debug|Any CPU.ActiveCfg = Debug|Any CPU
		{32AB1F06-BBF3-4FAF-92F6-9E3E85A64568}.Debug|Any CPU.Build.0 = Debug|Any CPU
		{32AB1F06-BBF3-4FAF-92F6-9E3E85A64568}.Release|Any CPU.ActiveCfg = Release|Any CPU
		{32AB1F06-BBF3-4FAF-92F6-9E3E85A64568}.Release|Any CPU.Build.0 = Release|Any CPU
	EndGlobalSection
	GlobalSection(SolutionProperties) = preSolution
		HideSolutionNode = FALSE
	EndGlobalSection
	GlobalSection(ExtensibilityGlobals) = postSolution
		SolutionGuid = {DD6D6C5A-4B9B-45F9-BF0D-EABEFEF1751D}
	EndGlobalSection
EndGlobal
