
Microsoft Visual Studio Solution File, Format Version 12.00
# Visual Studio Version 17
VisualStudioVersion = 17.6.33815.320
MinimumVisualStudioVersion = 10.0.40219.1
Project("{FAE04EC0-301F-11D3-BF4B-00C04F79EFBC}") = "Beecrowd1012", "Beecrowd1012.csproj", "{35DE3EBB-9449-4FE1-B4DC-DB2020822011}"
EndProject
Global
	GlobalSection(SolutionConfigurationPlatforms) = preSolution
		Debug|Any CPU = Debug|Any CPU
		Release|Any CPU = Release|Any CPU
	EndGlobalSection
	GlobalSection(ProjectConfigurationPlatforms) = postSolution
		{35DE3EBB-9449-4FE1-B4DC-DB2020822011}.Debug|Any CPU.ActiveCfg = Debug|Any CPU
		{35DE3EBB-9449-4FE1-B4DC-DB2020822011}.Debug|Any CPU.Build.0 = Debug|Any CPU
		{35DE3EBB-9449-4FE1-B4DC-DB2020822011}.Release|Any CPU.ActiveCfg = Release|Any CPU
		{35DE3EBB-9449-4FE1-B4DC-DB2020822011}.Release|Any CPU.Build.0 = Release|Any CPU
	EndGlobalSection
	GlobalSection(SolutionProperties) = preSolution
		HideSolutionNode = FALSE
	EndGlobalSection
	GlobalSection(ExtensibilityGlobals) = postSolution
		SolutionGuid = {A36060ED-96BC-4DC0-8118-197B089EF96B}
	EndGlobalSection
EndGlobal
