
Microsoft Visual Studio Solution File, Format Version 12.00
# Visual Studio Version 17
VisualStudioVersion = 17.6.33829.357
MinimumVisualStudioVersion = 10.0.40219.1
Project("{FAE04EC0-301F-11D3-BF4B-00C04F79EFBC}") = "Vetores 2", "Vetores 2.csproj", "{70F1A6D6-888D-4C73-9868-9E79EC9B06D2}"
EndProject
Global
	GlobalSection(SolutionConfigurationPlatforms) = preSolution
		Debug|Any CPU = Debug|Any CPU
		Release|Any CPU = Release|Any CPU
	EndGlobalSection
	GlobalSection(ProjectConfigurationPlatforms) = postSolution
		{70F1A6D6-888D-4C73-9868-9E79EC9B06D2}.Debug|Any CPU.ActiveCfg = Debug|Any CPU
		{70F1A6D6-888D-4C73-9868-9E79EC9B06D2}.Debug|Any CPU.Build.0 = Debug|Any CPU
		{70F1A6D6-888D-4C73-9868-9E79EC9B06D2}.Release|Any CPU.ActiveCfg = Release|Any CPU
		{70F1A6D6-888D-4C73-9868-9E79EC9B06D2}.Release|Any CPU.Build.0 = Release|Any CPU
	EndGlobalSection
	GlobalSection(SolutionProperties) = preSolution
		HideSolutionNode = FALSE
	EndGlobalSection
	GlobalSection(ExtensibilityGlobals) = postSolution
		SolutionGuid = {3E195966-BCF1-4DAD-A9AA-818B338E1E84}
	EndGlobalSection
EndGlobal
