
Microsoft Visual Studio Solution File, Format Version 12.00
# Visual Studio Version 17
VisualStudioVersion = 17.6.33829.357
MinimumVisualStudioVersion = 10.0.40219.1
Project("{FAE04EC0-301F-11D3-BF4B-00C04F79EFBC}") = "Beecrowd1035", "Beecrowd1035.csproj", "{9E29530F-027D-4C2D-B094-6765A3981896}"
EndProject
Global
	GlobalSection(SolutionConfigurationPlatforms) = preSolution
		Debug|Any CPU = Debug|Any CPU
		Release|Any CPU = Release|Any CPU
	EndGlobalSection
	GlobalSection(ProjectConfigurationPlatforms) = postSolution
		{9E29530F-027D-4C2D-B094-6765A3981896}.Debug|Any CPU.ActiveCfg = Debug|Any CPU
		{9E29530F-027D-4C2D-B094-6765A3981896}.Debug|Any CPU.Build.0 = Debug|Any CPU
		{9E29530F-027D-4C2D-B094-6765A3981896}.Release|Any CPU.ActiveCfg = Release|Any CPU
		{9E29530F-027D-4C2D-B094-6765A3981896}.Release|Any CPU.Build.0 = Release|Any CPU
	EndGlobalSection
	GlobalSection(SolutionProperties) = preSolution
		HideSolutionNode = FALSE
	EndGlobalSection
	GlobalSection(ExtensibilityGlobals) = postSolution
		SolutionGuid = {7D1224BE-399A-4BF7-8E9F-D9B1C0A9BFF0}
	EndGlobalSection
EndGlobal
