
Microsoft Visual Studio Solution File, Format Version 12.00
# Visual Studio Version 17
VisualStudioVersion = 17.6.33829.357
MinimumVisualStudioVersion = 10.0.40219.1
Project("{FAE04EC0-301F-11D3-BF4B-00C04F79EFBC}") = "Beecrowd1045", "Beecrowd1045.csproj", "{696392DE-757A-41C2-94CB-B9892E598381}"
EndProject
Global
	GlobalSection(SolutionConfigurationPlatforms) = preSolution
		Debug|Any CPU = Debug|Any CPU
		Release|Any CPU = Release|Any CPU
	EndGlobalSection
	GlobalSection(ProjectConfigurationPlatforms) = postSolution
		{696392DE-757A-41C2-94CB-B9892E598381}.Debug|Any CPU.ActiveCfg = Debug|Any CPU
		{696392DE-757A-41C2-94CB-B9892E598381}.Debug|Any CPU.Build.0 = Debug|Any CPU
		{696392DE-757A-41C2-94CB-B9892E598381}.Release|Any CPU.ActiveCfg = Release|Any CPU
		{696392DE-757A-41C2-94CB-B9892E598381}.Release|Any CPU.Build.0 = Release|Any CPU
	EndGlobalSection
	GlobalSection(SolutionProperties) = preSolution
		HideSolutionNode = FALSE
	EndGlobalSection
	GlobalSection(ExtensibilityGlobals) = postSolution
		SolutionGuid = {0DD65DF8-32C8-4884-B4F6-6068D97CE7DC}
	EndGlobalSection
EndGlobal
