
Microsoft Visual Studio Solution File, Format Version 12.00
# Visual Studio Version 17
VisualStudioVersion = 17.6.33829.357
MinimumVisualStudioVersion = 10.0.40219.1
Project("{FAE04EC0-301F-11D3-BF4B-00C04F79EFBC}") = "Beecrowd1051", "Beecrowd1051.csproj", "{19FA7A30-3D24-450A-8B74-30DBD461F868}"
EndProject
Global
	GlobalSection(SolutionConfigurationPlatforms) = preSolution
		Debug|Any CPU = Debug|Any CPU
		Release|Any CPU = Release|Any CPU
	EndGlobalSection
	GlobalSection(ProjectConfigurationPlatforms) = postSolution
		{19FA7A30-3D24-450A-8B74-30DBD461F868}.Debug|Any CPU.ActiveCfg = Debug|Any CPU
		{19FA7A30-3D24-450A-8B74-30DBD461F868}.Debug|Any CPU.Build.0 = Debug|Any CPU
		{19FA7A30-3D24-450A-8B74-30DBD461F868}.Release|Any CPU.ActiveCfg = Release|Any CPU
		{19FA7A30-3D24-450A-8B74-30DBD461F868}.Release|Any CPU.Build.0 = Release|Any CPU
	EndGlobalSection
	GlobalSection(SolutionProperties) = preSolution
		HideSolutionNode = FALSE
	EndGlobalSection
	GlobalSection(ExtensibilityGlobals) = postSolution
		SolutionGuid = {F4F25AE5-DC69-4BFA-A969-71680888BD84}
	EndGlobalSection
EndGlobal
