
Microsoft Visual Studio Solution File, Format Version 12.00
# Visual Studio Version 17
VisualStudioVersion = 17.6.33829.357
MinimumVisualStudioVersion = 10.0.40219.1
Project("{FAE04EC0-301F-11D3-BF4B-00C04F79EFBC}") = "Beecrowd1040", "Beecrowd1040.csproj", "{12E4E392-CBAD-40DE-ACBF-5B4E240D568F}"
EndProject
Global
	GlobalSection(SolutionConfigurationPlatforms) = preSolution
		Debug|Any CPU = Debug|Any CPU
		Release|Any CPU = Release|Any CPU
	EndGlobalSection
	GlobalSection(ProjectConfigurationPlatforms) = postSolution
		{12E4E392-CBAD-40DE-ACBF-5B4E240D568F}.Debug|Any CPU.ActiveCfg = Debug|Any CPU
		{12E4E392-CBAD-40DE-ACBF-5B4E240D568F}.Debug|Any CPU.Build.0 = Debug|Any CPU
		{12E4E392-CBAD-40DE-ACBF-5B4E240D568F}.Release|Any CPU.ActiveCfg = Release|Any CPU
		{12E4E392-CBAD-40DE-ACBF-5B4E240D568F}.Release|Any CPU.Build.0 = Release|Any CPU
	EndGlobalSection
	GlobalSection(SolutionProperties) = preSolution
		HideSolutionNode = FALSE
	EndGlobalSection
	GlobalSection(ExtensibilityGlobals) = postSolution
		SolutionGuid = {B527DA20-440E-4213-BFCE-6A58039E0382}
	EndGlobalSection
EndGlobal
