
Microsoft Visual Studio Solution File, Format Version 12.00
# Visual Studio Version 17
VisualStudioVersion = 17.6.33815.320
MinimumVisualStudioVersion = 10.0.40219.1
Project("{FAE04EC0-301F-11D3-BF4B-00C04F79EFBC}") = "Beecrowd 1003", "Beecrowd 1003.csproj", "{EFDB73CC-0FFF-4989-95AB-83B67E861BE6}"
EndProject
Global
	GlobalSection(SolutionConfigurationPlatforms) = preSolution
		Debug|Any CPU = Debug|Any CPU
		Release|Any CPU = Release|Any CPU
	EndGlobalSection
	GlobalSection(ProjectConfigurationPlatforms) = postSolution
		{EFDB73CC-0FFF-4989-95AB-83B67E861BE6}.Debug|Any CPU.ActiveCfg = Debug|Any CPU
		{EFDB73CC-0FFF-4989-95AB-83B67E861BE6}.Debug|Any CPU.Build.0 = Debug|Any CPU
		{EFDB73CC-0FFF-4989-95AB-83B67E861BE6}.Release|Any CPU.ActiveCfg = Release|Any CPU
		{EFDB73CC-0FFF-4989-95AB-83B67E861BE6}.Release|Any CPU.Build.0 = Release|Any CPU
	EndGlobalSection
	GlobalSection(SolutionProperties) = preSolution
		HideSolutionNode = FALSE
	EndGlobalSection
	GlobalSection(ExtensibilityGlobals) = postSolution
		SolutionGuid = {369DA8DA-2124-4013-B113-CEA9589CD119}
	EndGlobalSection
EndGlobal
