
Microsoft Visual Studio Solution File, Format Version 12.00
# Visual Studio Version 17
VisualStudioVersion = 17.6.33815.320
MinimumVisualStudioVersion = 10.0.40219.1
Project("{FAE04EC0-301F-11D3-BF4B-00C04F79EFBC}") = "Beecrowd 1006", "Beecrowd 1006.csproj", "{57FA9A3E-21D6-458D-82D3-36278888A81E}"
EndProject
Global
	GlobalSection(SolutionConfigurationPlatforms) = preSolution
		Debug|Any CPU = Debug|Any CPU
		Release|Any CPU = Release|Any CPU
	EndGlobalSection
	GlobalSection(ProjectConfigurationPlatforms) = postSolution
		{57FA9A3E-21D6-458D-82D3-36278888A81E}.Debug|Any CPU.ActiveCfg = Debug|Any CPU
		{57FA9A3E-21D6-458D-82D3-36278888A81E}.Debug|Any CPU.Build.0 = Debug|Any CPU
		{57FA9A3E-21D6-458D-82D3-36278888A81E}.Release|Any CPU.ActiveCfg = Release|Any CPU
		{57FA9A3E-21D6-458D-82D3-36278888A81E}.Release|Any CPU.Build.0 = Release|Any CPU
	EndGlobalSection
	GlobalSection(SolutionProperties) = preSolution
		HideSolutionNode = FALSE
	EndGlobalSection
	GlobalSection(ExtensibilityGlobals) = postSolution
		SolutionGuid = {85A766C8-0585-43AF-B939-B17BE9B2403B}
	EndGlobalSection
EndGlobal
