
Microsoft Visual Studio Solution File, Format Version 12.00
# Visual Studio Version 17
VisualStudioVersion = 17.6.33815.320
MinimumVisualStudioVersion = 10.0.40219.1
Project("{FAE04EC0-301F-11D3-BF4B-00C04F79EFBC}") = "Teste Processamento", "Teste Processamento.csproj", "{612D75AD-1075-4F41-85EE-E48975F4E441}"
EndProject
Global
	GlobalSection(SolutionConfigurationPlatforms) = preSolution
		Debug|Any CPU = Debug|Any CPU
		Release|Any CPU = Release|Any CPU
	EndGlobalSection
	GlobalSection(ProjectConfigurationPlatforms) = postSolution
		{612D75AD-1075-4F41-85EE-E48975F4E441}.Debug|Any CPU.ActiveCfg = Debug|Any CPU
		{612D75AD-1075-4F41-85EE-E48975F4E441}.Debug|Any CPU.Build.0 = Debug|Any CPU
		{612D75AD-1075-4F41-85EE-E48975F4E441}.Release|Any CPU.ActiveCfg = Release|Any CPU
		{612D75AD-1075-4F41-85EE-E48975F4E441}.Release|Any CPU.Build.0 = Release|Any CPU
	EndGlobalSection
	GlobalSection(SolutionProperties) = preSolution
		HideSolutionNode = FALSE
	EndGlobalSection
	GlobalSection(ExtensibilityGlobals) = postSolution
		SolutionGuid = {CF2EEF6C-CB46-48F5-9AB8-2A6CEF6B3978}
	EndGlobalSection
EndGlobal
