
Microsoft Visual Studio Solution File, Format Version 12.00
# Visual Studio Version 17
VisualStudioVersion = 17.6.33829.357
MinimumVisualStudioVersion = 10.0.40219.1
Project("{FAE04EC0-301F-11D3-BF4B-00C04F79EFBC}") = "Beecrowd1060", "Beecrowd1060.csproj", "{85318DFA-0BBE-4DAA-BF84-DFF8CAB6991B}"
EndProject
Global
	GlobalSection(SolutionConfigurationPlatforms) = preSolution
		Debug|Any CPU = Debug|Any CPU
		Release|Any CPU = Release|Any CPU
	EndGlobalSection
	GlobalSection(ProjectConfigurationPlatforms) = postSolution
		{85318DFA-0BBE-4DAA-BF84-DFF8CAB6991B}.Debug|Any CPU.ActiveCfg = Debug|Any CPU
		{85318DFA-0BBE-4DAA-BF84-DFF8CAB6991B}.Debug|Any CPU.Build.0 = Debug|Any CPU
		{85318DFA-0BBE-4DAA-BF84-DFF8CAB6991B}.Release|Any CPU.ActiveCfg = Release|Any CPU
		{85318DFA-0BBE-4DAA-BF84-DFF8CAB6991B}.Release|Any CPU.Build.0 = Release|Any CPU
	EndGlobalSection
	GlobalSection(SolutionProperties) = preSolution
		HideSolutionNode = FALSE
	EndGlobalSection
	GlobalSection(ExtensibilityGlobals) = postSolution
		SolutionGuid = {F6645639-B900-4905-822B-DCE33A74CB0B}
	EndGlobalSection
EndGlobal
