
Microsoft Visual Studio Solution File, Format Version 12.00
# Visual Studio Version 17
VisualStudioVersion = 17.6.33815.320
MinimumVisualStudioVersion = 10.0.40219.1
Project("{FAE04EC0-301F-11D3-BF4B-00C04F79EFBC}") = "Beecrowd1013", "Beecrowd1013.csproj", "{60744252-A386-4085-BB35-D7B364F43F5A}"
EndProject
Global
	GlobalSection(SolutionConfigurationPlatforms) = preSolution
		Debug|Any CPU = Debug|Any CPU
		Release|Any CPU = Release|Any CPU
	EndGlobalSection
	GlobalSection(ProjectConfigurationPlatforms) = postSolution
		{60744252-A386-4085-BB35-D7B364F43F5A}.Debug|Any CPU.ActiveCfg = Debug|Any CPU
		{60744252-A386-4085-BB35-D7B364F43F5A}.Debug|Any CPU.Build.0 = Debug|Any CPU
		{60744252-A386-4085-BB35-D7B364F43F5A}.Release|Any CPU.ActiveCfg = Release|Any CPU
		{60744252-A386-4085-BB35-D7B364F43F5A}.Release|Any CPU.Build.0 = Release|Any CPU
	EndGlobalSection
	GlobalSection(SolutionProperties) = preSolution
		HideSolutionNode = FALSE
	EndGlobalSection
	GlobalSection(ExtensibilityGlobals) = postSolution
		SolutionGuid = {29A73739-B285-4365-84CC-CCA765293796}
	EndGlobalSection
EndGlobal
