
Microsoft Visual Studio Solution File, Format Version 12.00
# Visual Studio Version 17
VisualStudioVersion = 17.6.33815.320
MinimumVisualStudioVersion = 10.0.40219.1
Project("{FAE04EC0-301F-11D3-BF4B-00C04F79EFBC}") = "Beecrowd 1009", "Beecrowd 1009.csproj", "{693B48CF-0433-49B3-B25A-67FC64B75892}"
EndProject
Global
	GlobalSection(SolutionConfigurationPlatforms) = preSolution
		Debug|Any CPU = Debug|Any CPU
		Release|Any CPU = Release|Any CPU
	EndGlobalSection
	GlobalSection(ProjectConfigurationPlatforms) = postSolution
		{693B48CF-0433-49B3-B25A-67FC64B75892}.Debug|Any CPU.ActiveCfg = Debug|Any CPU
		{693B48CF-0433-49B3-B25A-67FC64B75892}.Debug|Any CPU.Build.0 = Debug|Any CPU
		{693B48CF-0433-49B3-B25A-67FC64B75892}.Release|Any CPU.ActiveCfg = Release|Any CPU
		{693B48CF-0433-49B3-B25A-67FC64B75892}.Release|Any CPU.Build.0 = Release|Any CPU
	EndGlobalSection
	GlobalSection(SolutionProperties) = preSolution
		HideSolutionNode = FALSE
	EndGlobalSection
	GlobalSection(ExtensibilityGlobals) = postSolution
		SolutionGuid = {C2FA3177-5191-4B2C-B401-03A6366DF597}
	EndGlobalSection
EndGlobal
